// !$*UTF8*$!
{
	archiveVersion = 1;
	classes = {
	};
	objectVersion = 50;
	objects = {

/* Begin PBXBuildFile section */
		2C60E6E020852029006C1F5D /* AppDelegate.swift in Sources */ = {isa = PBXBuildFile; fileRef = 2C60E6DF20852029006C1F5D /* AppDelegate.swift */; };
		2C60E6E220852029006C1F5D /* ViewController.swift in Sources */ = {isa = PBXBuildFile; fileRef = 2C60E6E120852029006C1F5D /* ViewController.swift */; };
		2C60E6E520852029006C1F5D /* Main.storyboard in Resources */ = {isa = PBXBuildFile; fileRef = 2C60E6E320852029006C1F5D /* Main.storyboard */; };
		2C60E6E72085202B006C1F5D /* Assets.xcassets in Resources */ = {isa = PBXBuildFile; fileRef = 2C60E6E62085202B006C1F5D /* Assets.xcassets */; };
		2C60E6EA2085202B006C1F5D /* LaunchScreen.storyboard in Resources */ = {isa = PBXBuildFile; fileRef = 2C60E6E82085202B006C1F5D /* LaunchScreen.storyboard */; };
		2C60E6F52085202B006C1F5D /* PokemonsTests.swift in Sources */ = {isa = PBXBuildFile; fileRef = 2C60E6F42085202B006C1F5D /* PokemonsTests.swift */; };
		2C60E7002085202B006C1F5D /* PokemonsUITests.swift in Sources */ = {isa = PBXBuildFile; fileRef = 2C60E6FF2085202B006C1F5D /* PokemonsUITests.swift */; };
		2C60E70E208521D7006C1F5D /* DataRequester.swift in Sources */ = {isa = PBXBuildFile; fileRef = 2C60E70D208521D7006C1F5D /* DataRequester.swift */; };
		2C60E711208522D8006C1F5D /* URLUtils.swift in Sources */ = {isa = PBXBuildFile; fileRef = 2C60E710208522D8006C1F5D /* URLUtils.swift */; };
		2C60E714208525BE006C1F5D /* Pokemon.swift in Sources */ = {isa = PBXBuildFile; fileRef = 2C60E713208525BE006C1F5D /* Pokemon.swift */; };
		2ED1045AD7A0286070A05943 /* Pods_Pokemons.framework in Frameworks */ = {isa = PBXBuildFile; fileRef = EAA6B053DA0C8C7D636A01CE /* Pods_Pokemons.framework */; };
		89E285757446E304AA4A9D9E /* Pods_PokemonsUITests.framework in Frameworks */ = {isa = PBXBuildFile; fileRef = 3ADF1F567FA82E4131BC2687 /* Pods_PokemonsUITests.framework */; };
		CF0213B5108E3D73D696B93A /* Pods_PokemonsTests.framework in Frameworks */ = {isa = PBXBuildFile; fileRef = F5E9083AC04CDE98393C70FB /* Pods_PokemonsTests.framework */; };
/* End PBXBuildFile section */

/* Begin PBXContainerItemProxy section */
		2C60E6F12085202B006C1F5D /* PBXContainerItemProxy */ = {
			isa = PBXContainerItemProxy;
			containerPortal = 2C60E6D420852029006C1F5D /* Project object */;
			proxyType = 1;
			remoteGlobalIDString = 2C60E6DB20852029006C1F5D;
			remoteInfo = Pokemons;
		};
		2C60E6FC2085202B006C1F5D /* PBXContainerItemProxy */ = {
			isa = PBXContainerItemProxy;
			containerPortal = 2C60E6D420852029006C1F5D /* Project object */;
			proxyType = 1;
			remoteGlobalIDString = 2C60E6DB20852029006C1F5D;
			remoteInfo = Pokemons;
		};
/* End PBXContainerItemProxy section */

/* Begin PBXFileReference section */
		2C60E6DC20852029006C1F5D /* Pokemons.app */ = {isa = PBXFileReference; explicitFileType = wrapper.application; includeInIndex = 0; path = Pokemons.app; sourceTree = BUILT_PRODUCTS_DIR; };
		2C60E6DF20852029006C1F5D /* AppDelegate.swift */ = {isa = PBXFileReference; lastKnownFileType = sourcecode.swift; path = AppDelegate.swift; sourceTree = "<group>"; };
		2C60E6E120852029006C1F5D /* ViewController.swift */ = {isa = PBXFileReference; lastKnownFileType = sourcecode.swift; path = ViewController.swift; sourceTree = "<group>"; };
		2C60E6E420852029006C1F5D /* Base */ = {isa = PBXFileReference; lastKnownFileType = file.storyboard; name = Base; path = Base.lproj/Main.storyboard; sourceTree = "<group>"; };
		2C60E6E62085202B006C1F5D /* Assets.xcassets */ = {isa = PBXFileReference; lastKnownFileType = folder.assetcatalog; path = Assets.xcassets; sourceTree = "<group>"; };
		2C60E6E92085202B006C1F5D /* Base */ = {isa = PBXFileReference; lastKnownFileType = file.storyboard; name = Base; path = Base.lproj/LaunchScreen.storyboard; sourceTree = "<group>"; };
		2C60E6EB2085202B006C1F5D /* Info.plist */ = {isa = PBXFileReference; lastKnownFileType = text.plist.xml; path = Info.plist; sourceTree = "<group>"; };
		2C60E6F02085202B006C1F5D /* PokemonsTests.xctest */ = {isa = PBXFileReference; explicitFileType = wrapper.cfbundle; includeInIndex = 0; path = PokemonsTests.xctest; sourceTree = BUILT_PRODUCTS_DIR; };
		2C60E6F42085202B006C1F5D /* PokemonsTests.swift */ = {isa = PBXFileReference; lastKnownFileType = sourcecode.swift; path = PokemonsTests.swift; sourceTree = "<group>"; };
		2C60E6F62085202B006C1F5D /* Info.plist */ = {isa = PBXFileReference; lastKnownFileType = text.plist.xml; path = Info.plist; sourceTree = "<group>"; };
		2C60E6FB2085202B006C1F5D /* PokemonsUITests.xctest */ = {isa = PBXFileReference; explicitFileType = wrapper.cfbundle; includeInIndex = 0; path = PokemonsUITests.xctest; sourceTree = BUILT_PRODUCTS_DIR; };
		2C60E6FF2085202B006C1F5D /* PokemonsUITests.swift */ = {isa = PBXFileReference; lastKnownFileType = sourcecode.swift; path = PokemonsUITests.swift; sourceTree = "<group>"; };
		2C60E7012085202B006C1F5D /* Info.plist */ = {isa = PBXFileReference; lastKnownFileType = text.plist.xml; path = Info.plist; sourceTree = "<group>"; };
		2C60E70D208521D7006C1F5D /* DataRequester.swift */ = {isa = PBXFileReference; lastKnownFileType = sourcecode.swift; path = DataRequester.swift; sourceTree = "<group>"; };
		2C60E710208522D8006C1F5D /* URLUtils.swift */ = {isa = PBXFileReference; lastKnownFileType = sourcecode.swift; path = URLUtils.swift; sourceTree = "<group>"; };
		2C60E713208525BE006C1F5D /* Pokemon.swift */ = {isa = PBXFileReference; lastKnownFileType = sourcecode.swift; path = Pokemon.swift; sourceTree = "<group>"; };
		381115D71D4B105AB83EA565 /* Pods-PokemonsUITests.release.xcconfig */ = {isa = PBXFileReference; includeInIndex = 1; lastKnownFileType = text.xcconfig; name = "Pods-PokemonsUITests.release.xcconfig"; path = "Pods/Target Support Files/Pods-PokemonsUITests/Pods-PokemonsUITests.release.xcconfig"; sourceTree = "<group>"; };
		3ADF1F567FA82E4131BC2687 /* Pods_PokemonsUITests.framework */ = {isa = PBXFileReference; explicitFileType = wrapper.framework; includeInIndex = 0; path = Pods_PokemonsUITests.framework; sourceTree = BUILT_PRODUCTS_DIR; };
		3C15B5943F052963F7B69961 /* Pods-PokemonsTests.debug.xcconfig */ = {isa = PBXFileReference; includeInIndex = 1; lastKnownFileType = text.xcconfig; name = "Pods-PokemonsTests.debug.xcconfig"; path = "Pods/Target Support Files/Pods-PokemonsTests/Pods-PokemonsTests.debug.xcconfig"; sourceTree = "<group>"; };
		649CC9F6F6FCE2AE0373A874 /* Pods-Pokemons.debug.xcconfig */ = {isa = PBXFileReference; includeInIndex = 1; lastKnownFileType = text.xcconfig; name = "Pods-Pokemons.debug.xcconfig"; path = "Pods/Target Support Files/Pods-Pokemons/Pods-Pokemons.debug.xcconfig"; sourceTree = "<group>"; };
		6F0CF720F7A6B85DB9341503 /* Pods-Pokemons.release.xcconfig */ = {isa = PBXFileReference; includeInIndex = 1; lastKnownFileType = text.xcconfig; name = "Pods-Pokemons.release.xcconfig"; path = "Pods/Target Support Files/Pods-Pokemons/Pods-Pokemons.release.xcconfig"; sourceTree = "<group>"; };
		94DA4FC71E69D6A4F6D711E4 /* Pods-PokemonsUITests.debug.xcconfig */ = {isa = PBXFileReference; includeInIndex = 1; lastKnownFileType = text.xcconfig; name = "Pods-PokemonsUITests.debug.xcconfig"; path = "Pods/Target Support Files/Pods-PokemonsUITests/Pods-PokemonsUITests.debug.xcconfig"; sourceTree = "<group>"; };
		D5796465B19DC26B6C289D90 /* Pods-PokemonsTests.release.xcconfig */ = {isa = PBXFileReference; includeInIndex = 1; lastKnownFileType = text.xcconfig; name = "Pods-PokemonsTests.release.xcconfig"; path = "Pods/Target Support Files/Pods-PokemonsTests/Pods-PokemonsTests.release.xcconfig"; sourceTree = "<group>"; };
		EAA6B053DA0C8C7D636A01CE /* Pods_Pokemons.framework */ = {isa = PBXFileReference; explicitFileType = wrapper.framework; includeInIndex = 0; path = Pods_Pokemons.framework; sourceTree = BUILT_PRODUCTS_DIR; };
		F5E9083AC04CDE98393C70FB /* Pods_PokemonsTests.framework */ = {isa = PBXFileReference; explicitFileType = wrapper.framework; includeInIndex = 0; path = Pods_PokemonsTests.framework; sourceTree = BUILT_PRODUCTS_DIR; };
/* End PBXFileReference section */

/* Begin PBXFrameworksBuildPhase section */
		2C60E6D920852029006C1F5D /* Frameworks */ = {
			isa = PBXFrameworksBuildPhase;
			buildActionMask = 2147483647;
			files = (
				2ED1045AD7A0286070A05943 /* Pods_Pokemons.framework in Frameworks */,
			);
			runOnlyForDeploymentPostprocessing = 0;
		};
		2C60E6ED2085202B006C1F5D /* Frameworks */ = {
			isa = PBXFrameworksBuildPhase;
			buildActionMask = 2147483647;
			files = (
				CF0213B5108E3D73D696B93A /* Pods_PokemonsTests.framework in Frameworks */,
			);
			runOnlyForDeploymentPostprocessing = 0;
		};
		2C60E6F82085202B006C1F5D /* Frameworks */ = {
			isa = PBXFrameworksBuildPhase;
			buildActionMask = 2147483647;
			files = (
				89E285757446E304AA4A9D9E /* Pods_PokemonsUITests.framework in Frameworks */,
			);
			runOnlyForDeploymentPostprocessing = 0;
		};
/* End PBXFrameworksBuildPhase section */

/* Begin PBXGroup section */
		2C60E6D320852029006C1F5D = {
			isa = PBXGroup;
			children = (
				2C60E6DE20852029006C1F5D /* Pokemons */,
				2C60E6F32085202B006C1F5D /* PokemonsTests */,
				2C60E6FE2085202B006C1F5D /* PokemonsUITests */,
				2C60E6DD20852029006C1F5D /* Products */,
				5A76ED84377403E0460076B5 /* Pods */,
				7DFE63830BDD591C83BEE543 /* Frameworks */,
			);
			sourceTree = "<group>";
		};
		2C60E6DD20852029006C1F5D /* Products */ = {
			isa = PBXGroup;
			children = (
				2C60E6DC20852029006C1F5D /* Pokemons.app */,
				2C60E6F02085202B006C1F5D /* PokemonsTests.xctest */,
				2C60E6FB2085202B006C1F5D /* PokemonsUITests.xctest */,
			);
			name = Products;
			sourceTree = "<group>";
		};
		2C60E6DE20852029006C1F5D /* Pokemons */ = {
			isa = PBXGroup;
			children = (
				2C60E6DF20852029006C1F5D /* AppDelegate.swift */,
				2C60E6E120852029006C1F5D /* ViewController.swift */,
				2C60E712208522DE006C1F5D /* Utils */,
				2C60E70F208522CB006C1F5D /* Service */,
				2C60E715208525CE006C1F5D /* Model */,
				2C60E6E320852029006C1F5D /* Main.storyboard */,
				2C60E6E62085202B006C1F5D /* Assets.xcassets */,
				2C60E6E82085202B006C1F5D /* LaunchScreen.storyboard */,
				2C60E6EB2085202B006C1F5D /* Info.plist */,
			);
			path = Pokemons;
			sourceTree = "<group>";
		};
		2C60E6F32085202B006C1F5D /* PokemonsTests */ = {
			isa = PBXGroup;
			children = (
				2C60E6F42085202B006C1F5D /* PokemonsTests.swift */,
				2C60E6F62085202B006C1F5D /* Info.plist */,
			);
			path = PokemonsTests;
			sourceTree = "<group>";
		};
		2C60E6FE2085202B006C1F5D /* PokemonsUITests */ = {
			isa = PBXGroup;
			children = (
				2C60E6FF2085202B006C1F5D /* PokemonsUITests.swift */,
				2C60E7012085202B006C1F5D /* Info.plist */,
			);
			path = PokemonsUITests;
			sourceTree = "<group>";
		};
		2C60E70F208522CB006C1F5D /* Service */ = {
			isa = PBXGroup;
			children = (
				2C60E70D208521D7006C1F5D /* DataRequester.swift */,
			);
			path = Service;
			sourceTree = "<group>";
		};
		2C60E712208522DE006C1F5D /* Utils */ = {
			isa = PBXGroup;
			children = (
				2C60E710208522D8006C1F5D /* URLUtils.swift */,
			);
			path = Utils;
			sourceTree = "<group>";
		};
		2C60E715208525CE006C1F5D /* Model */ = {
			isa = PBXGroup;
			children = (
				2C60E713208525BE006C1F5D /* Pokemon.swift */,
			);
			path = Model;
			sourceTree = "<group>";
		};
		5A76ED84377403E0460076B5 /* Pods */ = {
			isa = PBXGroup;
			children = (
				649CC9F6F6FCE2AE0373A874 /* Pods-Pokemons.debug.xcconfig */,
				6F0CF720F7A6B85DB9341503 /* Pods-Pokemons.release.xcconfig */,
				3C15B5943F052963F7B69961 /* Pods-PokemonsTests.debug.xcconfig */,
				D5796465B19DC26B6C289D90 /* Pods-PokemonsTests.release.xcconfig */,
				94DA4FC71E69D6A4F6D711E4 /* Pods-PokemonsUITests.debug.xcconfig */,
				381115D71D4B105AB83EA565 /* Pods-PokemonsUITests.release.xcconfig */,
			);
			name = Pods;
			sourceTree = "<group>";
		};
		7DFE63830BDD591C83BEE543 /* Frameworks */ = {
			isa = PBXGroup;
			children = (
				EAA6B053DA0C8C7D636A01CE /* Pods_Pokemons.framework */,
				F5E9083AC04CDE98393C70FB /* Pods_PokemonsTests.framework */,
				3ADF1F567FA82E4131BC2687 /* Pods_PokemonsUITests.framework */,
			);
			name = Frameworks;
			sourceTree = "<group>";
		};
/* End PBXGroup section */

/* Begin PBXNativeTarget section */
		2C60E6DB20852029006C1F5D /* Pokemons */ = {
			isa = PBXNativeTarget;
			buildConfigurationList = 2C60E7042085202B006C1F5D /* Build configuration list for PBXNativeTarget "Pokemons" */;
			buildPhases = (
				4F5C188FC9E38C05CF51D402 /* [CP] Check Pods Manifest.lock */,
				2C60E6D820852029006C1F5D /* Sources */,
				2C60E6D920852029006C1F5D /* Frameworks */,
				2C60E6DA20852029006C1F5D /* Resources */,
				B2DFE0AB74B37BDB5F38723F /* [CP] Embed Pods Frameworks */,
			);
			buildRules = (
			);
			dependencies = (
			);
			name = Pokemons;
			productName = Pokemons;
			productReference = 2C60E6DC20852029006C1F5D /* Pokemons.app */;
			productType = "com.apple.product-type.application";
		};
		2C60E6EF2085202B006C1F5D /* PokemonsTests */ = {
			isa = PBXNativeTarget;
			buildConfigurationList = 2C60E7072085202B006C1F5D /* Build configuration list for PBXNativeTarget "PokemonsTests" */;
			buildPhases = (
				472E54DD6E0C63950056C583 /* [CP] Check Pods Manifest.lock */,
				2C60E6EC2085202B006C1F5D /* Sources */,
				2C60E6ED2085202B006C1F5D /* Frameworks */,
				2C60E6EE2085202B006C1F5D /* Resources */,
			);
			buildRules = (
			);
			dependencies = (
				2C60E6F22085202B006C1F5D /* PBXTargetDependency */,
			);
			name = PokemonsTests;
			productName = PokemonsTests;
			productReference = 2C60E6F02085202B006C1F5D /* PokemonsTests.xctest */;
			productType = "com.apple.product-type.bundle.unit-test";
		};
		2C60E6FA2085202B006C1F5D /* PokemonsUITests */ = {
			isa = PBXNativeTarget;
			buildConfigurationList = 2C60E70A2085202B006C1F5D /* Build configuration list for PBXNativeTarget "PokemonsUITests" */;
			buildPhases = (
				FA20728CE17AA1DC2326E0E6 /* [CP] Check Pods Manifest.lock */,
				2C60E6F72085202B006C1F5D /* Sources */,
				2C60E6F82085202B006C1F5D /* Frameworks */,
				2C60E6F92085202B006C1F5D /* Resources */,
			);
			buildRules = (
			);
			dependencies = (
				2C60E6FD2085202B006C1F5D /* PBXTargetDependency */,
			);
			name = PokemonsUITests;
			productName = PokemonsUITests;
			productReference = 2C60E6FB2085202B006C1F5D /* PokemonsUITests.xctest */;
			productType = "com.apple.product-type.bundle.ui-testing";
		};
/* End PBXNativeTarget section */

/* Begin PBXProject section */
		2C60E6D420852029006C1F5D /* Project object */ = {
			isa = PBXProject;
			attributes = {
				LastSwiftUpdateCheck = 0930;
				LastUpgradeCheck = 0930;
				ORGANIZATIONNAME = Silvano;
				TargetAttributes = {
					2C60E6DB20852029006C1F5D = {
						CreatedOnToolsVersion = 9.3;
					};
					2C60E6EF2085202B006C1F5D = {
						CreatedOnToolsVersion = 9.3;
						TestTargetID = 2C60E6DB20852029006C1F5D;
					};
					2C60E6FA2085202B006C1F5D = {
						CreatedOnToolsVersion = 9.3;
						TestTargetID = 2C60E6DB20852029006C1F5D;
					};
				};
			};
			buildConfigurationList = 2C60E6D720852029006C1F5D /* Build configuration list for PBXProject "Pokemons" */;
			compatibilityVersion = "Xcode 9.3";
			developmentRegion = en;
			hasScannedForEncodings = 0;
			knownRegions = (
				en,
				Base,
			);
			mainGroup = 2C60E6D320852029006C1F5D;
			productRefGroup = 2C60E6DD20852029006C1F5D /* Products */;
			projectDirPath = "";
			projectRoot = "";
			targets = (
				2C60E6DB20852029006C1F5D /* Pokemons */,
				2C60E6EF2085202B006C1F5D /* PokemonsTests */,
				2C60E6FA2085202B006C1F5D /* PokemonsUITests */,
			);
		};
/* End PBXProject section */

/* Begin PBXResourcesBuildPhase section */
		2C60E6DA20852029006C1F5D /* Resources */ = {
			isa = PBXResourcesBuildPhase;
			buildActionMask = 2147483647;
			files = (
				2C60E6EA2085202B006C1F5D /* LaunchScreen.storyboard in Resources */,
				2C60E6E72085202B006C1F5D /* Assets.xcassets in Resources */,
				2C60E6E520852029006C1F5D /* Main.storyboard in Resources */,
			);
			runOnlyForDeploymentPostprocessing = 0;
		};
		2C60E6EE2085202B006C1F5D /* Resources */ = {
			isa = PBXResourcesBuildPhase;
			buildActionMask = 2147483647;
			files = (
			);
			runOnlyForDeploymentPostprocessing = 0;
		};
		2C60E6F92085202B006C1F5D /* Resources */ = {
			isa = PBXResourcesBuildPhase;
			buildActionMask = 2147483647;
			files = (
			);
			runOnlyForDeploymentPostprocessing = 0;
		};
/* End PBXResourcesBuildPhase section */

/* Begin PBXShellScriptBuildPhase section */
		472E54DD6E0C63950056C583 /* [CP] Check Pods Manifest.lock */ = {
			isa = PBXShellScriptBuildPhase;
			buildActionMask = 2147483647;
			files = (
			);
			inputPaths = (
				"${PODS_PODFILE_DIR_PATH}/Podfile.lock",
				"${PODS_ROOT}/Manifest.lock",
			);
			name = "[CP] Check Pods Manifest.lock";
			outputPaths = (
				"$(DERIVED_FILE_DIR)/Pods-PokemonsTests-checkManifestLockResult.txt",
			);
			runOnlyForDeploymentPostprocessing = 0;
			shellPath = /bin/sh;
			shellScript = "diff \"${PODS_PODFILE_DIR_PATH}/Podfile.lock\" \"${PODS_ROOT}/Manifest.lock\" > /dev/null\nif [ $? != 0 ] ; then\n    # print error to STDERR\n    echo \"error: The sandbox is not in sync with the Podfile.lock. Run 'pod install' or update your CocoaPods installation.\" >&2\n    exit 1\nfi\n# This output is used by Xcode 'outputs' to avoid re-running this script phase.\necho \"SUCCESS\" > \"${SCRIPT_OUTPUT_FILE_0}\"\n";
			showEnvVarsInLog = 0;
		};
		4F5C188FC9E38C05CF51D402 /* [CP] Check Pods Manifest.lock */ = {
			isa = PBXShellScriptBuildPhase;
			buildActionMask = 2147483647;
			files = (
			);
			inputPaths = (
				"${PODS_PODFILE_DIR_PATH}/Podfile.lock",
				"${PODS_ROOT}/Manifest.lock",
			);
			name = "[CP] Check Pods Manifest.lock";
			outputPaths = (
				"$(DERIVED_FILE_DIR)/Pods-Pokemons-checkManifestLockResult.txt",
			);
			runOnlyForDeploymentPostprocessing = 0;
			shellPath = /bin/sh;
			shellScript = "diff \"${PODS_PODFILE_DIR_PATH}/Podfile.lock\" \"${PODS_ROOT}/Manifest.lock\" > /dev/null\nif [ $? != 0 ] ; then\n    # print error to STDERR\n    echo \"error: The sandbox is not in sync with the Podfile.lock. Run 'pod install' or update your CocoaPods installation.\" >&2\n    exit 1\nfi\n# This output is used by Xcode 'outputs' to avoid re-running this script phase.\necho \"SUCCESS\" > \"${SCRIPT_OUTPUT_FILE_0}\"\n";
			showEnvVarsInLog = 0;
		};
		B2DFE0AB74B37BDB5F38723F /* [CP] Embed Pods Frameworks */ = {
			isa = PBXShellScriptBuildPhase;
			buildActionMask = 2147483647;
			files = (
			);
			inputPaths = (
				"${SRCROOT}/Pods/Target Support Files/Pods-Pokemons/Pods-Pokemons-frameworks.sh",
				"${BUILT_PRODUCTS_DIR}/Alamofire/Alamofire.framework",
				"${BUILT_PRODUCTS_DIR}/LLSpinner/LLSpinner.framework",
				"${BUILT_PRODUCTS_DIR}/SwiftyJSON/SwiftyJSON.framework",
			);
			name = "[CP] Embed Pods Frameworks";
			outputPaths = (
				"${TARGET_BUILD_DIR}/${FRAMEWORKS_FOLDER_PATH}/Alamofire.framework",
				"${TARGET_BUILD_DIR}/${FRAMEWORKS_FOLDER_PATH}/LLSpinner.framework",
				"${TARGET_BUILD_DIR}/${FRAMEWORKS_FOLDER_PATH}/SwiftyJSON.framework",
			);
			runOnlyForDeploymentPostprocessing = 0;
			shellPath = /bin/sh;
			shellScript = "\"${SRCROOT}/Pods/Target Support Files/Pods-Pokemons/Pods-Pokemons-frameworks.sh\"\n";
			showEnvVarsInLog = 0;
		};
		FA20728CE17AA1DC2326E0E6 /* [CP] Check Pods Manifest.lock */ = {
			isa = PBXShellScriptBuildPhase;
			buildActionMask = 2147483647;
			files = (
			);
			inputPaths = (
				"${PODS_PODFILE_DIR_PATH}/Podfile.lock",
				"${PODS_ROOT}/Manifest.lock",
			);
			name = "[CP] Check Pods Manifest.lock";
			outputPaths = (
				"$(DERIVED_FILE_DIR)/Pods-PokemonsUITests-checkManifestLockResult.txt",
			);
			runOnlyForDeploymentPostprocessing = 0;
			shellPath = /bin/sh;
			shellScript = "diff \"${PODS_PODFILE_DIR_PATH}/Podfile.lock\" \"${PODS_ROOT}/Manifest.lock\" > /dev/null\nif [ $? != 0 ] ; then\n    # print error to STDERR\n    echo \"error: The sandbox is not in sync with the Podfile.lock. Run 'pod install' or update your CocoaPods installation.\" >&2\n    exit 1\nfi\n# This output is used by Xcode 'outputs' to avoid re-running this script phase.\necho \"SUCCESS\" > \"${SCRIPT_OUTPUT_FILE_0}\"\n";
			showEnvVarsInLog = 0;
		};
/* End PBXShellScriptBuildPhase section */

/* Begin PBXSourcesBuildPhase section */
		2C60E6D820852029006C1F5D /* Sources */ = {
			isa = PBXSourcesBuildPhase;
			buildActionMask = 2147483647;
			files = (
				2C60E714208525BE006C1F5D /* Pokemon.swift in Sources */,
				2C60E6E220852029006C1F5D /* ViewController.swift in Sources */,
				2C60E711208522D8006C1F5D /* URLUtils.swift in Sources */,
				2C60E6E020852029006C1F5D /* AppDelegate.swift in Sources */,
				2C60E70E208521D7006C1F5D /* DataRequester.swift in Sources */,
			);
			runOnlyForDeploymentPostprocessing = 0;
		};
		2C60E6EC2085202B006C1F5D /* Sources */ = {
			isa = PBXSourcesBuildPhase;
			buildActionMask = 2147483647;
			files = (
				2C60E6F52085202B006C1F5D /* PokemonsTests.swift in Sources */,
			);
			runOnlyForDeploymentPostprocessing = 0;
		};
		2C60E6F72085202B006C1F5D /* Sources */ = {
			isa = PBXSourcesBuildPhase;
			buildActionMask = 2147483647;
			files = (
				2C60E7002085202B006C1F5D /* PokemonsUITests.swift in Sources */,
			);
			runOnlyForDeploymentPostprocessing = 0;
		};
/* End PBXSourcesBuildPhase section */

/* Begin PBXTargetDependency section */
		2C60E6F22085202B006C1F5D /* PBXTargetDependency */ = {
			isa = PBXTargetDependency;
			target = 2C60E6DB20852029006C1F5D /* Pokemons */;
			targetProxy = 2C60E6F12085202B006C1F5D /* PBXContainerItemProxy */;
		};
		2C60E6FD2085202B006C1F5D /* PBXTargetDependency */ = {
			isa = PBXTargetDependency;
			target = 2C60E6DB20852029006C1F5D /* Pokemons */;
			targetProxy = 2C60E6FC2085202B006C1F5D /* PBXContainerItemProxy */;
		};
/* End PBXTargetDependency section */

/* Begin PBXVariantGroup section */
		2C60E6E320852029006C1F5D /* Main.storyboard */ = {
			isa = PBXVariantGroup;
			children = (
				2C60E6E420852029006C1F5D /* Base */,
			);
			name = Main.storyboard;
			sourceTree = "<group>";
		};
		2C60E6E82085202B006C1F5D /* LaunchScreen.storyboard */ = {
			isa = PBXVariantGroup;
			children = (
				2C60E6E92085202B006C1F5D /* Base */,
			);
			name = LaunchScreen.storyboard;
			sourceTree = "<group>";
		};
/* End PBXVariantGroup section */

/* Begin XCBuildConfiguration section */
		2C60E7022085202B006C1F5D /* Debug */ = {
			isa = XCBuildConfiguration;
			buildSettings = {
				ALWAYS_SEARCH_USER_PATHS = NO;
				CLANG_ANALYZER_NONNULL = YES;
				CLANG_ANALYZER_NUMBER_OBJECT_CONVERSION = YES_AGGRESSIVE;
				CLANG_CXX_LANGUAGE_STANDARD = "gnu++14";
				CLANG_CXX_LIBRARY = "libc++";
				CLANG_ENABLE_MODULES = YES;
				CLANG_ENABLE_OBJC_ARC = YES;
				CLANG_ENABLE_OBJC_WEAK = YES;
				CLANG_WARN_BLOCK_CAPTURE_AUTORELEASING = YES;
				CLANG_WARN_BOOL_CONVERSION = YES;
				CLANG_WARN_COMMA = YES;
				CLANG_WARN_CONSTANT_CONVERSION = YES;
				CLANG_WARN_DEPRECATED_OBJC_IMPLEMENTATIONS = YES;
				CLANG_WARN_DIRECT_OBJC_ISA_USAGE = YES_ERROR;
				CLANG_WARN_DOCUMENTATION_COMMENTS = YES;
				CLANG_WARN_EMPTY_BODY = YES;
				CLANG_WARN_ENUM_CONVERSION = YES;
				CLANG_WARN_INFINITE_RECURSION = YES;
				CLANG_WARN_INT_CONVERSION = YES;
				CLANG_WARN_NON_LITERAL_NULL_CONVERSION = YES;
				CLANG_WARN_OBJC_IMPLICIT_RETAIN_SELF = YES;
				CLANG_WARN_OBJC_LITERAL_CONVERSION = YES;
				CLANG_WARN_OBJC_ROOT_CLASS = YES_ERROR;
				CLANG_WARN_RANGE_LOOP_ANALYSIS = YES;
				CLANG_WARN_STRICT_PROTOTYPES = YES;
				CLANG_WARN_SUSPICIOUS_MOVE = YES;
				CLANG_WARN_UNGUARDED_AVAILABILITY = YES_AGGRESSIVE;
				CLANG_WARN_UNREACHABLE_CODE = YES;
				CLANG_WARN__DUPLICATE_METHOD_MATCH = YES;
				CODE_SIGN_IDENTITY = "iPhone Developer";
				COPY_PHASE_STRIP = NO;
				DEBUG_INFORMATION_FORMAT = dwarf;
				ENABLE_STRICT_OBJC_MSGSEND = YES;
				ENABLE_TESTABILITY = YES;
				GCC_C_LANGUAGE_STANDARD = gnu11;
				GCC_DYNAMIC_NO_PIC = NO;
				GCC_NO_COMMON_BLOCKS = YES;
				GCC_OPTIMIZATION_LEVEL = 0;
				GCC_PREPROCESSOR_DEFINITIONS = (
					"DEBUG=1",
					"$(inherited)",
				);
				GCC_WARN_64_TO_32_BIT_CONVERSION = YES;
				GCC_WARN_ABOUT_RETURN_TYPE = YES_ERROR;
				GCC_WARN_UNDECLARED_SELECTOR = YES;
				GCC_WARN_UNINITIALIZED_AUTOS = YES_AGGRESSIVE;
				GCC_WARN_UNUSED_FUNCTION = YES;
				GCC_WARN_UNUSED_VARIABLE = YES;
				IPHONEOS_DEPLOYMENT_TARGET = 11.3;
				MTL_ENABLE_DEBUG_INFO = YES;
				ONLY_ACTIVE_ARCH = YES;
				SDKROOT = iphoneos;
				SWIFT_ACTIVE_COMPILATION_CONDITIONS = DEBUG;
				SWIFT_OPTIMIZATION_LEVEL = "-Onone";
			};
			name = Debug;
		};
		2C60E7032085202B006C1F5D /* Release */ = {
			isa = XCBuildConfiguration;
			buildSettings = {
				ALWAYS_SEARCH_USER_PATHS = NO;
				CLANG_ANALYZER_NONNULL = YES;
				CLANG_ANALYZER_NUMBER_OBJECT_CONVERSION = YES_AGGRESSIVE;
				CLANG_CXX_LANGUAGE_STANDARD = "gnu++14";
				CLANG_CXX_LIBRARY = "libc++";
				CLANG_ENABLE_MODULES = YES;
				CLANG_ENABLE_OBJC_ARC = YES;
				CLANG_ENABLE_OBJC_WEAK = YES;
				CLANG_WARN_BLOCK_CAPTURE_AUTORELEASING = YES;
				CLANG_WARN_BOOL_CONVERSION = YES;
				CLANG_WARN_COMMA = YES;
				CLANG_WARN_CONSTANT_CONVERSION = YES;
				CLANG_WARN_DEPRECATED_OBJC_IMPLEMENTATIONS = YES;
				CLANG_WARN_DIRECT_OBJC_ISA_USAGE = YES_ERROR;
				CLANG_WARN_DOCUMENTATION_COMMENTS = YES;
				CLANG_WARN_EMPTY_BODY = YES;
				CLANG_WARN_ENUM_CONVERSION = YES;
				CLANG_WARN_INFINITE_RECURSION = YES;
				CLANG_WARN_INT_CONVERSION = YES;
				CLANG_WARN_NON_LITERAL_NULL_CONVERSION = YES;
				CLANG_WARN_OBJC_IMPLICIT_RETAIN_SELF = YES;
				CLANG_WARN_OBJC_LITERAL_CONVERSION = YES;
				CLANG_WARN_OBJC_ROOT_CLASS = YES_ERROR;
				CLANG_WARN_RANGE_LOOP_ANALYSIS = YES;
				CLANG_WARN_STRICT_PROTOTYPES = YES;
				CLANG_WARN_SUSPICIOUS_MOVE = YES;
				CLANG_WARN_UNGUARDED_AVAILABILITY = YES_AGGRESSIVE;
				CLANG_WARN_UNREACHABLE_CODE = YES;
				CLANG_WARN__DUPLICATE_METHOD_MATCH = YES;
				CODE_SIGN_IDENTITY = "iPhone Developer";
				COPY_PHASE_STRIP = NO;
				DEBUG_INFORMATION_FORMAT = "dwarf-with-dsym";
				ENABLE_NS_ASSERTIONS = NO;
				ENABLE_STRICT_OBJC_MSGSEND = YES;
				GCC_C_LANGUAGE_STANDARD = gnu11;
				GCC_NO_COMMON_BLOCKS = YES;
				GCC_WARN_64_TO_32_BIT_CONVERSION = YES;
				GCC_WARN_ABOUT_RETURN_TYPE = YES_ERROR;
				GCC_WARN_UNDECLARED_SELECTOR = YES;
				GCC_WARN_UNINITIALIZED_AUTOS = YES_AGGRESSIVE;
				GCC_WARN_UNUSED_FUNCTION = YES;
				GCC_WARN_UNUSED_VARIABLE = YES;
				IPHONEOS_DEPLOYMENT_TARGET = 11.3;
				MTL_ENABLE_DEBUG_INFO = NO;
				SDKROOT = iphoneos;
				SWIFT_COMPILATION_MODE = wholemodule;
				SWIFT_OPTIMIZATION_LEVEL = "-O";
				VALIDATE_PRODUCT = YES;
			};
			name = Release;
		};
		2C60E7052085202B006C1F5D /* Debug */ = {
			isa = XCBuildConfiguration;
			baseConfigurationReference = 649CC9F6F6FCE2AE0373A874 /* Pods-Pokemons.debug.xcconfig */;
			buildSettings = {
				ASSETCATALOG_COMPILER_APPICON_NAME = AppIcon;
				CODE_SIGN_STYLE = Automatic;
				INFOPLIST_FILE = Pokemons/Info.plist;
				LD_RUNPATH_SEARCH_PATHS = "$(inherited) @executable_path/Frameworks";
				PRODUCT_BUNDLE_IDENTIFIER = Silvano.Pokemons;
				PRODUCT_NAME = "$(TARGET_NAME)";
				SWIFT_VERSION = 4.0;
				TARGETED_DEVICE_FAMILY = "1,2";
			};
			name = Debug;
		};
		2C60E7062085202B006C1F5D /* Release */ = {
			isa = XCBuildConfiguration;
			baseConfigurationReference = 6F0CF720F7A6B85DB9341503 /* Pods-Pokemons.release.xcconfig */;
			buildSettings = {
				ASSETCATALOG_COMPILER_APPICON_NAME = AppIcon;
				CODE_SIGN_STYLE = Automatic;
				INFOPLIST_FILE = Pokemons/Info.plist;
				LD_RUNPATH_SEARCH_PATHS = "$(inherited) @executable_path/Frameworks";
				PRODUCT_BUNDLE_IDENTIFIER = Silvano.Pokemons;
				PRODUCT_NAME = "$(TARGET_NAME)";
				SWIFT_VERSION = 4.0;
				TARGETED_DEVICE_FAMILY = "1,2";
			};
			name = Release;
		};
		2C60E7082085202B006C1F5D /* Debug */ = {
			isa = XCBuildConfiguration;
			baseConfigurationReference = 3C15B5943F052963F7B69961 /* Pods-PokemonsTests.debug.xcconfig */;
			buildSettings = {
				ALWAYS_EMBED_SWIFT_STANDARD_LIBRARIES = YES;
				BUNDLE_LOADER = "$(TEST_HOST)";
				CODE_SIGN_STYLE = Automatic;
				INFOPLIST_FILE = PokemonsTests/Info.plist;
				LD_RUNPATH_SEARCH_PATHS = "$(inherited) @executable_path/Frameworks @loader_path/Frameworks";
				PRODUCT_BUNDLE_IDENTIFIER = Silvano.PokemonsTests;
				PRODUCT_NAME = "$(TARGET_NAME)";
				SWIFT_VERSION = 4.0;
				TARGETED_DEVICE_FAMILY = "1,2";
				TEST_HOST = "$(BUILT_PRODUCTS_DIR)/Pokemons.app/Pokemons";
			};
			name = Debug;
		};
		2C60E7092085202B006C1F5D /* Release */ = {
			isa = XCBuildConfiguration;
			baseConfigurationReference = D5796465B19DC26B6C289D90 /* Pods-PokemonsTests.release.xcconfig */;
			buildSettings = {
				ALWAYS_EMBED_SWIFT_STANDARD_LIBRARIES = YES;
				BUNDLE_LOADER = "$(TEST_HOST)";
				CODE_SIGN_STYLE = Automatic;
				INFOPLIST_FILE = PokemonsTests/Info.plist;
				LD_RUNPATH_SEARCH_PATHS = "$(inherited) @executable_path/Frameworks @loader_path/Frameworks";
				PRODUCT_BUNDLE_IDENTIFIER = Silvano.PokemonsTests;
				PRODUCT_NAME = "$(TARGET_NAME)";
				SWIFT_VERSION = 4.0;
				TARGETED_DEVICE_FAMILY = "1,2";
				TEST_HOST = "$(BUILT_PRODUCTS_DIR)/Pokemons.app/Pokemons";
			};
			name = Release;
		};
		2C60E70B2085202B006C1F5D /* Debug */ = {
			isa = XCBuildConfiguration;
			baseConfigurationReference = 94DA4FC71E69D6A4F6D711E4 /* Pods-PokemonsUITests.debug.xcconfig */;
			buildSettings = {
				ALWAYS_EMBED_SWIFT_STANDARD_LIBRARIES = YES;
				CODE_SIGN_STYLE = Automatic;
				INFOPLIST_FILE = PokemonsUITests/Info.plist;
				LD_RUNPATH_SEARCH_PATHS = "$(inherited) @executable_path/Frameworks @loader_path/Frameworks";
				PRODUCT_BUNDLE_IDENTIFIER = Silvano.PokemonsUITests;
				PRODUCT_NAME = "$(TARGET_NAME)";
				SWIFT_VERSION = 4.0;
				TARGETED_DEVICE_FAMILY = "1,2";
				TEST_TARGET_NAME = Pokemons;
			};
			name = Debug;
		};
		2C60E70C2085202B006C1F5D /* Release */ = {
			isa = XCBuildConfiguration;
			baseConfigurationReference = 381115D71D4B105AB83EA565 /* Pods-PokemonsUITests.release.xcconfig */;
			buildSettings = {
				ALWAYS_EMBED_SWIFT_STANDARD_LIBRARIES = YES;
				CODE_SIGN_STYLE = Automatic;
				INFOPLIST_FILE = PokemonsUITests/Info.plist;
				LD_RUNPATH_SEARCH_PATHS = "$(inherited) @executable_path/Frameworks @loader_path/Frameworks";
				PRODUCT_BUNDLE_IDENTIFIER = Silvano.PokemonsUITests;
				PRODUCT_NAME = "$(TARGET_NAME)";
				SWIFT_VERSION = 4.0;
				TARGETED_DEVICE_FAMILY = "1,2";
				TEST_TARGET_NAME = Pokemons;
			};
			name = Release;
		};
/* End XCBuildConfiguration section */

/* Begin XCConfigurationList section */
		2C60E6D720852029006C1F5D /* Build configuration list for PBXProject "Pokemons" */ = {
			isa = XCConfigurationList;
			buildConfigurations = (
				2C60E7022085202B006C1F5D /* Debug */,
				2C60E7032085202B006C1F5D /* Release */,
			);
			defaultConfigurationIsVisible = 0;
			defaultConfigurationName = Release;
		};
		2C60E7042085202B006C1F5D /* Build configuration list for PBXNativeTarget "Pokemons" */ = {
			isa = XCConfigurationList;
			buildConfigurations = (
				2C60E7052085202B006C1F5D /* Debug */,
				2C60E7062085202B006C1F5D /* Release */,
			);
			defaultConfigurationIsVisible = 0;
			defaultConfigurationName = Release;
		};
		2C60E7072085202B006C1F5D /* Build configuration list for PBXNativeTarget "PokemonsTests" */ = {
			isa = XCConfigurationList;
			buildConfigurations = (
				2C60E7082085202B006C1F5D /* Debug */,
				2C60E7092085202B006C1F5D /* Release */,
			);
			defaultConfigurationIsVisible = 0;
			defaultConfigurationName = Release;
		};
		2C60E70A2085202B006C1F5D /* Build configuration list for PBXNativeTarget "PokemonsUITests" */ = {
			isa = XCConfigurationList;
			buildConfigurations = (
				2C60E70B2085202B006C1F5D /* Debug */,
				2C60E70C2085202B006C1F5D /* Release */,
			);
			defaultConfigurationIsVisible = 0;
			defaultConfigurationName = Release;
		};
/* End XCConfigurationList section */
	};
	rootObject = 2C60E6D420852029006C1F5D /* Project object */;
}
