// !$*UTF8*$!
{
	archiveVersion = 1;
	classes = {
	};
	objectVersion = 50;
	objects = {

/* Begin PBXBuildFile section */
		2C60E6E020852029006C1F5D /* AppDelegate.swift in Sources */ = {isa = PBXBuildFile; fileRef = 2C60E6DF20852029006C1F5D /* AppDelegate.swift */; };
		2C60E6E220852029006C1F5D /* ViewController.swift in Sources */ = {isa = PBXBuildFile; fileRef = 2C60E6E120852029006C1F5D /* ViewController.swift */; };
		2C60E6E520852029006C1F5D /* Main.storyboard in Resources */ = {isa = PBXBuildFile; fileRef = 2C60E6E320852029006C1F5D /* Main.storyboard */; };
		2C60E6E72085202B006C1F5D /* Assets.xcassets in Resources */ = {isa = PBXBuildFile; fileRef = 2C60E6E62085202B006C1F5D /* Assets.xcassets */; };
		2C60E6EA2085202B006C1F5D /* LaunchScreen.storyboard in Resources */ = {isa = PBXBuildFile; fileRef = 2C60E6E82085202B006C1F5D /* LaunchScreen.storyboard */; };
		2C60E6F52085202B006C1F5D /* PokemonsTests.swift in Sources */ = {isa = PBXBuildFile; fileRef = 2C60E6F42085202B006C1F5D /* PokemonsTests.swift */; };
		2C60E7002085202B006C1F5D /* PokemonsUITests.swift in Sources */ = {isa = PBXBuildFile; fileRef = 2C60E6FF2085202B006C1F5D /* PokemonsUITests.swift */; };
/* End PBXBuildFile section */

/* Begin PBXContainerItemProxy section */
		2C60E6F12085202B006C1F5D /* PBXContainerItemProxy */ = {
			isa = PBXContainerItemProxy;
			containerPortal = 2C60E6D420852029006C1F5D /* Project object */;
			proxyType = 1;
			remoteGlobalIDString = 2C60E6DB20852029006C1F5D;
			remoteInfo = Pokemons;
		};
		2C60E6FC2085202B006C1F5D /* PBXContainerItemProxy */ = {
			isa = PBXContainerItemProxy;
			containerPortal = 2C60E6D420852029006C1F5D /* Project object */;
			proxyType = 1;
			remoteGlobalIDString = 2C60E6DB20852029006C1F5D;
			remoteInfo = Pokemons;
		};
/* End PBXContainerItemProxy section */

/* Begin PBXFileReference section */
		2C60E6DC20852029006C1F5D /* Pokemons.app */ = {isa = PBXFileReference; explicitFileType = wrapper.application; includeInIndex = 0; path = Pokemons.app; sourceTree = BUILT_PRODUCTS_DIR; };
		2C60E6DF20852029006C1F5D /* AppDelegate.swift */ = {isa = PBXFileReference; lastKnownFileType = sourcecode.swift; path = AppDelegate.swift; sourceTree = "<group>"; };
		2C60E6E120852029006C1F5D /* ViewController.swift */ = {isa = PBXFileReference; lastKnownFileType = sourcecode.swift; path = ViewController.swift; sourceTree = "<group>"; };
		2C60E6E420852029006C1F5D /* Base */ = {isa = PBXFileReference; lastKnownFileType = file.storyboard; name = Base; path = Base.lproj/Main.storyboard; sourceTree = "<group>"; };
		2C60E6E62085202B006C1F5D /* Assets.xcassets */ = {isa = PBXFileReference; lastKnownFileType = folder.assetcatalog; path = Assets.xcassets; sourceTree = "<group>"; };
		2C60E6E92085202B006C1F5D /* Base */ = {isa = PBXFileReference; lastKnownFileType = file.storyboard; name = Base; path = Base.lproj/LaunchScreen.storyboard; sourceTree = "<group>"; };
		2C60E6EB2085202B006C1F5D /* Info.plist */ = {isa = PBXFileReference; lastKnownFileType = text.plist.xml; path = Info.plist; sourceTree = "<group>"; };
		2C60E6F02085202B006C1F5D /* PokemonsTests.xctest */ = {isa = PBXFileReference; explicitFileType = wrapper.cfbundle; includeInIndex = 0; path = PokemonsTests.xctest; sourceTree = BUILT_PRODUCTS_DIR; };
		2C60E6F42085202B006C1F5D /* PokemonsTests.swift */ = {isa = PBXFileReference; lastKnownFileType = sourcecode.swift; path = PokemonsTests.swift; sourceTree = "<group>"; };
		2C60E6F62085202B006C1F5D /* Info.plist */ = {isa = PBXFileReference; lastKnownFileType = text.plist.xml; path = Info.plist; sourceTree = "<group>"; };
		2C60E6FB2085202B006C1F5D /* PokemonsUITests.xctest */ = {isa = PBXFileReference; explicitFileType = wrapper.cfbundle; includeInIndex = 0; path = PokemonsUITests.xctest; sourceTree = BUILT_PRODUCTS_DIR; };
		2C60E6FF2085202B006C1F5D /* PokemonsUITests.swift */ = {isa = PBXFileReference; lastKnownFileType = sourcecode.swift; path = PokemonsUITests.swift; sourceTree = "<group>"; };
		2C60E7012085202B006C1F5D /* Info.plist */ = {isa = PBXFileReference; lastKnownFileType = text.plist.xml; path = Info.plist; sourceTree = "<group>"; };
/* End PBXFileReference section */

/* Begin PBXFrameworksBuildPhase section */
		2C60E6D920852029006C1F5D /* Frameworks */ = {
			isa = PBXFrameworksBuildPhase;
			buildActionMask = 2147483647;
			files = (
			);
			runOnlyForDeploymentPostprocessing = 0;
		};
		2C60E6ED2085202B006C1F5D /* Frameworks */ = {
			isa = PBXFrameworksBuildPhase;
			buildActionMask = 2147483647;
			files = (
			);
			runOnlyForDeploymentPostprocessing = 0;
		};
		2C60E6F82085202B006C1F5D /* Frameworks */ = {
			isa = PBXFrameworksBuildPhase;
			buildActionMask = 2147483647;
			files = (
			);
			runOnlyForDeploymentPostprocessing = 0;
		};
/* End PBXFrameworksBuildPhase section */

/* Begin PBXGroup section */
		2C60E6D320852029006C1F5D = {
			isa = PBXGroup;
			children = (
				2C60E6DE20852029006C1F5D /* Pokemons */,
				2C60E6F32085202B006C1F5D /* PokemonsTests */,
				2C60E6FE2085202B006C1F5D /* PokemonsUITests */,
				2C60E6DD20852029006C1F5D /* Products */,
			);
			sourceTree = "<group>";
		};
		2C60E6DD20852029006C1F5D /* Products */ = {
			isa = PBXGroup;
			children = (
				2C60E6DC20852029006C1F5D /* Pokemons.app */,
				2C60E6F02085202B006C1F5D /* PokemonsTests.xctest */,
				2C60E6FB2085202B006C1F5D /* PokemonsUITests.xctest */,
			);
			name = Products;
			sourceTree = "<group>";
		};
		2C60E6DE20852029006C1F5D /* Pokemons */ = {
			isa = PBXGroup;
			children = (
				2C60E6DF20852029006C1F5D /* AppDelegate.swift */,
				2C60E6E120852029006C1F5D /* ViewController.swift */,
				2C60E6E320852029006C1F5D /* Main.storyboard */,
				2C60E6E62085202B006C1F5D /* Assets.xcassets */,
				2C60E6E82085202B006C1F5D /* LaunchScreen.storyboard */,
				2C60E6EB2085202B006C1F5D /* Info.plist */,
			);
			path = Pokemons;
			sourceTree = "<group>";
		};
		2C60E6F32085202B006C1F5D /* PokemonsTests */ = {
			isa = PBXGroup;
			children = (
				2C60E6F42085202B006C1F5D /* PokemonsTests.swift */,
				2C60E6F62085202B006C1F5D /* Info.plist */,
			);
			path = PokemonsTests;
			sourceTree = "<group>";
		};
		2C60E6FE2085202B006C1F5D /* PokemonsUITests */ = {
			isa = PBXGroup;
			children = (
				2C60E6FF2085202B006C1F5D /* PokemonsUITests.swift */,
				2C60E7012085202B006C1F5D /* Info.plist */,
			);
			path = PokemonsUITests;
			sourceTree = "<group>";
		};
/* End PBXGroup section */

/* Begin PBXNativeTarget section */
		2C60E6DB20852029006C1F5D /* Pokemons */ = {
			isa = PBXNativeTarget;
			buildConfigurationList = 2C60E7042085202B006C1F5D /* Build configuration list for PBXNativeTarget "Pokemons" */;
			buildPhases = (
				2C60E6D820852029006C1F5D /* Sources */,
				2C60E6D920852029006C1F5D /* Frameworks */,
				2C60E6DA20852029006C1F5D /* Resources */,
			);
			buildRules = (
			);
			dependencies = (
			);
			name = Pokemons;
			productName = Pokemons;
			productReference = 2C60E6DC20852029006C1F5D /* Pokemons.app */;
			productType = "com.apple.product-type.application";
		};
		2C60E6EF2085202B006C1F5D /* PokemonsTests */ = {
			isa = PBXNativeTarget;
			buildConfigurationList = 2C60E7072085202B006C1F5D /* Build configuration list for PBXNativeTarget "PokemonsTests" */;
			buildPhases = (
				2C60E6EC2085202B006C1F5D /* Sources */,
				2C60E6ED2085202B006C1F5D /* Frameworks */,
				2C60E6EE2085202B006C1F5D /* Resources */,
			);
			buildRules = (
			);
			dependencies = (
				2C60E6F22085202B006C1F5D /* PBXTargetDependency */,
			);
			name = PokemonsTests;
			productName = PokemonsTests;
			productReference = 2C60E6F02085202B006C1F5D /* PokemonsTests.xctest */;
			productType = "com.apple.product-type.bundle.unit-test";
		};
		2C60E6FA2085202B006C1F5D /* PokemonsUITests */ = {
			isa = PBXNativeTarget;
			buildConfigurationList = 2C60E70A2085202B006C1F5D /* Build configuration list for PBXNativeTarget "PokemonsUITests" */;
			buildPhases = (
				2C60E6F72085202B006C1F5D /* Sources */,
				2C60E6F82085202B006C1F5D /* Frameworks */,
				2C60E6F92085202B006C1F5D /* Resources */,
			);
			buildRules = (
			);
			dependencies = (
				2C60E6FD2085202B006C1F5D /* PBXTargetDependency */,
			);
			name = PokemonsUITests;
			productName = PokemonsUITests;
			productReference = 2C60E6FB2085202B006C1F5D /* PokemonsUITests.xctest */;
			productType = "com.apple.product-type.bundle.ui-testing";
		};
/* End PBXNativeTarget section */

/* Begin PBXProject section */
		2C60E6D420852029006C1F5D /* Project object */ = {
			isa = PBXProject;
			attributes = {
				LastSwiftUpdateCheck = 0930;
				LastUpgradeCheck = 0930;
				ORGANIZATIONNAME = Silvano;
				TargetAttributes = {
					2C60E6DB20852029006C1F5D = {
						CreatedOnToolsVersion = 9.3;
					};
					2C60E6EF2085202B006C1F5D = {
						CreatedOnToolsVersion = 9.3;
						TestTargetID = 2C60E6DB20852029006C1F5D;
					};
					2C60E6FA2085202B006C1F5D = {
						CreatedOnToolsVersion = 9.3;
						TestTargetID = 2C60E6DB20852029006C1F5D;
					};
				};
			};
			buildConfigurationList = 2C60E6D720852029006C1F5D /* Build configuration list for PBXProject "Pokemons" */;
			compatibilityVersion = "Xcode 9.3";
			developmentRegion = en;
			hasScannedForEncodings = 0;
			knownRegions = (
				en,
				Base,
			);
			mainGroup = 2C60E6D320852029006C1F5D;
			productRefGroup = 2C60E6DD20852029006C1F5D /* Products */;
			projectDirPath = "";
			projectRoot = "";
			targets = (
				2C60E6DB20852029006C1F5D /* Pokemons */,
				2C60E6EF2085202B006C1F5D /* PokemonsTests */,
				2C60E6FA2085202B006C1F5D /* PokemonsUITests */,
			);
		};
/* End PBXProject section */

/* Begin PBXResourcesBuildPhase section */
		2C60E6DA20852029006C1F5D /* Resources */ = {
			isa = PBXResourcesBuildPhase;
			buildActionMask = 2147483647;
			files = (
				2C60E6EA2085202B006C1F5D /* LaunchScreen.storyboard in Resources */,
				2C60E6E72085202B006C1F5D /* Assets.xcassets in Resources */,
				2C60E6E520852029006C1F5D /* Main.storyboard in Resources */,
			);
			runOnlyForDeploymentPostprocessing = 0;
		};
		2C60E6EE2085202B006C1F5D /* Resources */ = {
			isa = PBXResourcesBuildPhase;
			buildActionMask = 2147483647;
			files = (
			);
			runOnlyForDeploymentPostprocessing = 0;
		};
		2C60E6F92085202B006C1F5D /* Resources */ = {
			isa = PBXResourcesBuildPhase;
			buildActionMask = 2147483647;
			files = (
			);
			runOnlyForDeploymentPostprocessing = 0;
		};
/* End PBXResourcesBuildPhase section */

/* Begin PBXSourcesBuildPhase section */
		2C60E6D820852029006C1F5D /* Sources */ = {
			isa = PBXSourcesBuildPhase;
			buildActionMask = 2147483647;
			files = (
				2C60E6E220852029006C1F5D /* ViewController.swift in Sources */,
				2C60E6E020852029006C1F5D /* AppDelegate.swift in Sources */,
			);
			runOnlyForDeploymentPostprocessing = 0;
		};
		2C60E6EC2085202B006C1F5D /* Sources */ = {
			isa = PBXSourcesBuildPhase;
			buildActionMask = 2147483647;
			files = (
				2C60E6F52085202B006C1F5D /* PokemonsTests.swift in Sources */,
			);
			runOnlyForDeploymentPostprocessing = 0;
		};
		2C60E6F72085202B006C1F5D /* Sources */ = {
			isa = PBXSourcesBuildPhase;
			buildActionMask = 2147483647;
			files = (
				2C60E7002085202B006C1F5D /* PokemonsUITests.swift in Sources */,
			);
			runOnlyForDeploymentPostprocessing = 0;
		};
/* End PBXSourcesBuildPhase section */

/* Begin PBXTargetDependency section */
		2C60E6F22085202B006C1F5D /* PBXTargetDependency */ = {
			isa = PBXTargetDependency;
			target = 2C60E6DB20852029006C1F5D /* Pokemons */;
			targetProxy = 2C60E6F12085202B006C1F5D /* PBXContainerItemProxy */;
		};
		2C60E6FD2085202B006C1F5D /* PBXTargetDependency */ = {
			isa = PBXTargetDependency;
			target = 2C60E6DB20852029006C1F5D /* Pokemons */;
			targetProxy = 2C60E6FC2085202B006C1F5D /* PBXContainerItemProxy */;
		};
/* End PBXTargetDependency section */

/* Begin PBXVariantGroup section */
		2C60E6E320852029006C1F5D /* Main.storyboard */ = {
			isa = PBXVariantGroup;
			children = (
				2C60E6E420852029006C1F5D /* Base */,
			);
			name = Main.storyboard;
			sourceTree = "<group>";
		};
		2C60E6E82085202B006C1F5D /* LaunchScreen.storyboard */ = {
			isa = PBXVariantGroup;
			children = (
				2C60E6E92085202B006C1F5D /* Base */,
			);
			name = LaunchScreen.storyboard;
			sourceTree = "<group>";
		};
/* End PBXVariantGroup section */

/* Begin XCBuildConfiguration section */
		2C60E7022085202B006C1F5D /* Debug */ = {
			isa = XCBuildConfiguration;
			buildSettings = {
				ALWAYS_SEARCH_USER_PATHS = NO;
				CLANG_ANALYZER_NONNULL = YES;
				CLANG_ANALYZER_NUMBER_OBJECT_CONVERSION = YES_AGGRESSIVE;
				CLANG_CXX_LANGUAGE_STANDARD = "gnu++14";
				CLANG_CXX_LIBRARY = "libc++";
				CLANG_ENABLE_MODULES = YES;
				CLANG_ENABLE_OBJC_ARC = YES;
				CLANG_ENABLE_OBJC_WEAK = YES;
				CLANG_WARN_BLOCK_CAPTURE_AUTORELEASING = YES;
				CLANG_WARN_BOOL_CONVERSION = YES;
				CLANG_WARN_COMMA = YES;
				CLANG_WARN_CONSTANT_CONVERSION = YES;
				CLANG_WARN_DEPRECATED_OBJC_IMPLEMENTATIONS = YES;
				CLANG_WARN_DIRECT_OBJC_ISA_USAGE = YES_ERROR;
				CLANG_WARN_DOCUMENTATION_COMMENTS = YES;
				CLANG_WARN_EMPTY_BODY = YES;
				CLANG_WARN_ENUM_CONVERSION = YES;
				CLANG_WARN_INFINITE_RECURSION = YES;
				CLANG_WARN_INT_CONVERSION = YES;
				CLANG_WARN_NON_LITERAL_NULL_CONVERSION = YES;
				CLANG_WARN_OBJC_IMPLICIT_RETAIN_SELF = YES;
				CLANG_WARN_OBJC_LITERAL_CONVERSION = YES;
				CLANG_WARN_OBJC_ROOT_CLASS = YES_ERROR;
				CLANG_WARN_RANGE_LOOP_ANALYSIS = YES;
				CLANG_WARN_STRICT_PROTOTYPES = YES;
				CLANG_WARN_SUSPICIOUS_MOVE = YES;
				CLANG_WARN_UNGUARDED_AVAILABILITY = YES_AGGRESSIVE;
				CLANG_WARN_UNREACHABLE_CODE = YES;
				CLANG_WARN__DUPLICATE_METHOD_MATCH = YES;
				CODE_SIGN_IDENTITY = "iPhone Developer";
				COPY_PHASE_STRIP = NO;
				DEBUG_INFORMATION_FORMAT = dwarf;
				ENABLE_STRICT_OBJC_MSGSEND = YES;
				ENABLE_TESTABILITY = YES;
				GCC_C_LANGUAGE_STANDARD = gnu11;
				GCC_DYNAMIC_NO_PIC = NO;
				GCC_NO_COMMON_BLOCKS = YES;
				GCC_OPTIMIZATION_LEVEL = 0;
				GCC_PREPROCESSOR_DEFINITIONS = (
					"DEBUG=1",
					"$(inherited)",
				);
				GCC_WARN_64_TO_32_BIT_CONVERSION = YES;
				GCC_WARN_ABOUT_RETURN_TYPE = YES_ERROR;
				GCC_WARN_UNDECLARED_SELECTOR = YES;
				GCC_WARN_UNINITIALIZED_AUTOS = YES_AGGRESSIVE;
				GCC_WARN_UNUSED_FUNCTION = YES;
				GCC_WARN_UNUSED_VARIABLE = YES;
				IPHONEOS_DEPLOYMENT_TARGET = 11.3;
				MTL_ENABLE_DEBUG_INFO = YES;
				ONLY_ACTIVE_ARCH = YES;
				SDKROOT = iphoneos;
				SWIFT_ACTIVE_COMPILATION_CONDITIONS = DEBUG;
				SWIFT_OPTIMIZATION_LEVEL = "-Onone";
			};
			name = Debug;
		};
		2C60E7032085202B006C1F5D /* Release */ = {
			isa = XCBuildConfiguration;
			buildSettings = {
				ALWAYS_SEARCH_USER_PATHS = NO;
				CLANG_ANALYZER_NONNULL = YES;
				CLANG_ANALYZER_NUMBER_OBJECT_CONVERSION = YES_AGGRESSIVE;
				CLANG_CXX_LANGUAGE_STANDARD = "gnu++14";
				CLANG_CXX_LIBRARY = "libc++";
				CLANG_ENABLE_MODULES = YES;
				CLANG_ENABLE_OBJC_ARC = YES;
				CLANG_ENABLE_OBJC_WEAK = YES;
				CLANG_WARN_BLOCK_CAPTURE_AUTORELEASING = YES;
				CLANG_WARN_BOOL_CONVERSION = YES;
				CLANG_WARN_COMMA = YES;
				CLANG_WARN_CONSTANT_CONVERSION = YES;
				CLANG_WARN_DEPRECATED_OBJC_IMPLEMENTATIONS = YES;
				CLANG_WARN_DIRECT_OBJC_ISA_USAGE = YES_ERROR;
				CLANG_WARN_DOCUMENTATION_COMMENTS = YES;
				CLANG_WARN_EMPTY_BODY = YES;
				CLANG_WARN_ENUM_CONVERSION = YES;
				CLANG_WARN_INFINITE_RECURSION = YES;
				CLANG_WARN_INT_CONVERSION = YES;
				CLANG_WARN_NON_LITERAL_NULL_CONVERSION = YES;
				CLANG_WARN_OBJC_IMPLICIT_RETAIN_SELF = YES;
				CLANG_WARN_OBJC_LITERAL_CONVERSION = YES;
				CLANG_WARN_OBJC_ROOT_CLASS = YES_ERROR;
				CLANG_WARN_RANGE_LOOP_ANALYSIS = YES;
				CLANG_WARN_STRICT_PROTOTYPES = YES;
				CLANG_WARN_SUSPICIOUS_MOVE = YES;
				CLANG_WARN_UNGUARDED_AVAILABILITY = YES_AGGRESSIVE;
				CLANG_WARN_UNREACHABLE_CODE = YES;
				CLANG_WARN__DUPLICATE_METHOD_MATCH = YES;
				CODE_SIGN_IDENTITY = "iPhone Developer";
				COPY_PHASE_STRIP = NO;
				DEBUG_INFORMATION_FORMAT = "dwarf-with-dsym";
				ENABLE_NS_ASSERTIONS = NO;
				ENABLE_STRICT_OBJC_MSGSEND = YES;
				GCC_C_LANGUAGE_STANDARD = gnu11;
				GCC_NO_COMMON_BLOCKS = YES;
				GCC_WARN_64_TO_32_BIT_CONVERSION = YES;
				GCC_WARN_ABOUT_RETURN_TYPE = YES_ERROR;
				GCC_WARN_UNDECLARED_SELECTOR = YES;
				GCC_WARN_UNINITIALIZED_AUTOS = YES_AGGRESSIVE;
				GCC_WARN_UNUSED_FUNCTION = YES;
				GCC_WARN_UNUSED_VARIABLE = YES;
				IPHONEOS_DEPLOYMENT_TARGET = 11.3;
				MTL_ENABLE_DEBUG_INFO = NO;
				SDKROOT = iphoneos;
				SWIFT_COMPILATION_MODE = wholemodule;
				SWIFT_OPTIMIZATION_LEVEL = "-O";
				VALIDATE_PRODUCT = YES;
			};
			name = Release;
		};
		2C60E7052085202B006C1F5D /* Debug */ = {
			isa = XCBuildConfiguration;
			buildSettings = {
				ASSETCATALOG_COMPILER_APPICON_NAME = AppIcon;
				CODE_SIGN_STYLE = Automatic;
				INFOPLIST_FILE = Pokemons/Info.plist;
				LD_RUNPATH_SEARCH_PATHS = (
					"$(inherited)",
					"@executable_path/Frameworks",
				);
				PRODUCT_BUNDLE_IDENTIFIER = Silvano.Pokemons;
				PRODUCT_NAME = "$(TARGET_NAME)";
				SWIFT_VERSION = 4.0;
				TARGETED_DEVICE_FAMILY = "1,2";
			};
			name = Debug;
		};
		2C60E7062085202B006C1F5D /* Release */ = {
			isa = XCBuildConfiguration;
			buildSettings = {
				ASSETCATALOG_COMPILER_APPICON_NAME = AppIcon;
				CODE_SIGN_STYLE = Automatic;
				INFOPLIST_FILE = Pokemons/Info.plist;
				LD_RUNPATH_SEARCH_PATHS = (
					"$(inherited)",
					"@executable_path/Frameworks",
				);
				PRODUCT_BUNDLE_IDENTIFIER = Silvano.Pokemons;
				PRODUCT_NAME = "$(TARGET_NAME)";
				SWIFT_VERSION = 4.0;
				TARGETED_DEVICE_FAMILY = "1,2";
			};
			name = Release;
		};
		2C60E7082085202B006C1F5D /* Debug */ = {
			isa = XCBuildConfiguration;
			buildSettings = {
				ALWAYS_EMBED_SWIFT_STANDARD_LIBRARIES = YES;
				BUNDLE_LOADER = "$(TEST_HOST)";
				CODE_SIGN_STYLE = Automatic;
				INFOPLIST_FILE = PokemonsTests/Info.plist;
				LD_RUNPATH_SEARCH_PATHS = (
					"$(inherited)",
					"@executable_path/Frameworks",
					"@loader_path/Frameworks",
				);
				PRODUCT_BUNDLE_IDENTIFIER = Silvano.PokemonsTests;
				PRODUCT_NAME = "$(TARGET_NAME)";
				SWIFT_VERSION = 4.0;
				TARGETED_DEVICE_FAMILY = "1,2";
				TEST_HOST = "$(BUILT_PRODUCTS_DIR)/Pokemons.app/Pokemons";
			};
			name = Debug;
		};
		2C60E7092085202B006C1F5D /* Release */ = {
			isa = XCBuildConfiguration;
			buildSettings = {
				ALWAYS_EMBED_SWIFT_STANDARD_LIBRARIES = YES;
				BUNDLE_LOADER = "$(TEST_HOST)";
				CODE_SIGN_STYLE = Automatic;
				INFOPLIST_FILE = PokemonsTests/Info.plist;
				LD_RUNPATH_SEARCH_PATHS = (
					"$(inherited)",
					"@executable_path/Frameworks",
					"@loader_path/Frameworks",
				);
				PRODUCT_BUNDLE_IDENTIFIER = Silvano.PokemonsTests;
				PRODUCT_NAME = "$(TARGET_NAME)";
				SWIFT_VERSION = 4.0;
				TARGETED_DEVICE_FAMILY = "1,2";
				TEST_HOST = "$(BUILT_PRODUCTS_DIR)/Pokemons.app/Pokemons";
			};
			name = Release;
		};
		2C60E70B2085202B006C1F5D /* Debug */ = {
			isa = XCBuildConfiguration;
			buildSettings = {
				ALWAYS_EMBED_SWIFT_STANDARD_LIBRARIES = YES;
				CODE_SIGN_STYLE = Automatic;
				INFOPLIST_FILE = PokemonsUITests/Info.plist;
				LD_RUNPATH_SEARCH_PATHS = (
					"$(inherited)",
					"@executable_path/Frameworks",
					"@loader_path/Frameworks",
				);
				PRODUCT_BUNDLE_IDENTIFIER = Silvano.PokemonsUITests;
				PRODUCT_NAME = "$(TARGET_NAME)";
				SWIFT_VERSION = 4.0;
				TARGETED_DEVICE_FAMILY = "1,2";
				TEST_TARGET_NAME = Pokemons;
			};
			name = Debug;
		};
		2C60E70C2085202B006C1F5D /* Release */ = {
			isa = XCBuildConfiguration;
			buildSettings = {
				ALWAYS_EMBED_SWIFT_STANDARD_LIBRARIES = YES;
				CODE_SIGN_STYLE = Automatic;
				INFOPLIST_FILE = PokemonsUITests/Info.plist;
				LD_RUNPATH_SEARCH_PATHS = (
					"$(inherited)",
					"@executable_path/Frameworks",
					"@loader_path/Frameworks",
				);
				PRODUCT_BUNDLE_IDENTIFIER = Silvano.PokemonsUITests;
				PRODUCT_NAME = "$(TARGET_NAME)";
				SWIFT_VERSION = 4.0;
				TARGETED_DEVICE_FAMILY = "1,2";
				TEST_TARGET_NAME = Pokemons;
			};
			name = Release;
		};
/* End XCBuildConfiguration section */

/* Begin XCConfigurationList section */
		2C60E6D720852029006C1F5D /* Build configuration list for PBXProject "Pokemons" */ = {
			isa = XCConfigurationList;
			buildConfigurations = (
				2C60E7022085202B006C1F5D /* Debug */,
				2C60E7032085202B006C1F5D /* Release */,
			);
			defaultConfigurationIsVisible = 0;
			defaultConfigurationName = Release;
		};
		2C60E7042085202B006C1F5D /* Build configuration list for PBXNativeTarget "Pokemons" */ = {
			isa = XCConfigurationList;
			buildConfigurations = (
				2C60E7052085202B006C1F5D /* Debug */,
				2C60E7062085202B006C1F5D /* Release */,
			);
			defaultConfigurationIsVisible = 0;
			defaultConfigurationName = Release;
		};
		2C60E7072085202B006C1F5D /* Build configuration list for PBXNativeTarget "PokemonsTests" */ = {
			isa = XCConfigurationList;
			buildConfigurations = (
				2C60E7082085202B006C1F5D /* Debug */,
				2C60E7092085202B006C1F5D /* Release */,
			);
			defaultConfigurationIsVisible = 0;
			defaultConfigurationName = Release;
		};
		2C60E70A2085202B006C1F5D /* Build configuration list for PBXNativeTarget "PokemonsUITests" */ = {
			isa = XCConfigurationList;
			buildConfigurations = (
				2C60E70B2085202B006C1F5D /* Debug */,
				2C60E70C2085202B006C1F5D /* Release */,
			);
			defaultConfigurationIsVisible = 0;
			defaultConfigurationName = Release;
		};
/* End XCConfigurationList section */
	};
	rootObject = 2C60E6D420852029006C1F5D /* Project object */;
}
